// !$*UTF8*$!
{
	archiveVersion = 1;
	classes = {
	};
	objectVersion = 56;
	objects = {

/* Begin PBXBuildFile section */
		CE22B11D2C57A2070006D2C2 /* KosherMealsApp.swift in Sources */ = {isa = PBXBuildFile; fileRef = CE22B11C2C57A2070006D2C2 /* KosherMealsApp.swift */; };
		CE22B11F2C57A2070006D2C2 /* ContentView.swift in Sources */ = {isa = PBXBuildFile; fileRef = CE22B11E2C57A2070006D2C2 /* ContentView.swift */; };
		CE22B1232C57A20A0006D2C2 /* Assets.xcassets in Resources */ = {isa = PBXBuildFile; fileRef = CE22B1222C57A20A0006D2C2 /* Assets.xcassets */; };
		CE22B1262C57A20A0006D2C2 /* Preview Assets.xcassets in Resources */ = {isa = PBXBuildFile; fileRef = CE22B1252C57A20A0006D2C2 /* Preview Assets.xcassets */; };
		CE22B1302C57A20A0006D2C2 /* KosherMealsTests.swift in Sources */ = {isa = PBXBuildFile; fileRef = CE22B12F2C57A20A0006D2C2 /* KosherMealsTests.swift */; };
		CE22B13A2C57A20A0006D2C2 /* KosherMealsUITests.swift in Sources */ = {isa = PBXBuildFile; fileRef = CE22B1392C57A20A0006D2C2 /* KosherMealsUITests.swift */; };
		CE22B13C2C57A20A0006D2C2 /* KosherMealsUITestsLaunchTests.swift in Sources */ = {isa = PBXBuildFile; fileRef = CE22B13B2C57A20A0006D2C2 /* KosherMealsUITestsLaunchTests.swift */; };
		CEDF47C62C57A3CD002B2D25 /* Meal.swift in Sources */ = {isa = PBXBuildFile; fileRef = CEDF47C52C57A3CD002B2D25 /* Meal.swift */; };
		CEDF47C82C57A421002B2D25 /* AddMealModelView.swift in Sources */ = {isa = PBXBuildFile; fileRef = CEDF47C72C57A421002B2D25 /* AddMealModelView.swift */; };
/* End PBXBuildFile section */

/* Begin PBXContainerItemProxy section */
		CE22B12C2C57A20A0006D2C2 /* PBXContainerItemProxy */ = {
			isa = PBXContainerItemProxy;
			containerPortal = CE22B1112C57A2060006D2C2 /* Project object */;
			proxyType = 1;
			remoteGlobalIDString = CE22B1182C57A2060006D2C2;
			remoteInfo = KosherMeals;
		};
		CE22B1362C57A20A0006D2C2 /* PBXContainerItemProxy */ = {
			isa = PBXContainerItemProxy;
			containerPortal = CE22B1112C57A2060006D2C2 /* Project object */;
			proxyType = 1;
			remoteGlobalIDString = CE22B1182C57A2060006D2C2;
			remoteInfo = KosherMeals;
		};
/* End PBXContainerItemProxy section */

/* Begin PBXFileReference section */
		CE22B1192C57A2060006D2C2 /* KosherMeals.app */ = {isa = PBXFileReference; explicitFileType = wrapper.application; includeInIndex = 0; path = KosherMeals.app; sourceTree = BUILT_PRODUCTS_DIR; };
		CE22B11C2C57A2070006D2C2 /* KosherMealsApp.swift */ = {isa = PBXFileReference; lastKnownFileType = sourcecode.swift; path = KosherMealsApp.swift; sourceTree = "<group>"; };
		CE22B11E2C57A2070006D2C2 /* ContentView.swift */ = {isa = PBXFileReference; lastKnownFileType = sourcecode.swift; path = ContentView.swift; sourceTree = "<group>"; };
		CE22B1222C57A20A0006D2C2 /* Assets.xcassets */ = {isa = PBXFileReference; lastKnownFileType = folder.assetcatalog; path = Assets.xcassets; sourceTree = "<group>"; };
		CE22B1252C57A20A0006D2C2 /* Preview Assets.xcassets */ = {isa = PBXFileReference; lastKnownFileType = folder.assetcatalog; path = "Preview Assets.xcassets"; sourceTree = "<group>"; };
		CE22B12B2C57A20A0006D2C2 /* KosherMealsTests.xctest */ = {isa = PBXFileReference; explicitFileType = wrapper.cfbundle; includeInIndex = 0; path = KosherMealsTests.xctest; sourceTree = BUILT_PRODUCTS_DIR; };
		CE22B12F2C57A20A0006D2C2 /* KosherMealsTests.swift */ = {isa = PBXFileReference; lastKnownFileType = sourcecode.swift; path = KosherMealsTests.swift; sourceTree = "<group>"; };
		CE22B1352C57A20A0006D2C2 /* KosherMealsUITests.xctest */ = {isa = PBXFileReference; explicitFileType = wrapper.cfbundle; includeInIndex = 0; path = KosherMealsUITests.xctest; sourceTree = BUILT_PRODUCTS_DIR; };
		CE22B1392C57A20A0006D2C2 /* KosherMealsUITests.swift */ = {isa = PBXFileReference; lastKnownFileType = sourcecode.swift; path = KosherMealsUITests.swift; sourceTree = "<group>"; };
		CE22B13B2C57A20A0006D2C2 /* KosherMealsUITestsLaunchTests.swift */ = {isa = PBXFileReference; lastKnownFileType = sourcecode.swift; path = KosherMealsUITestsLaunchTests.swift; sourceTree = "<group>"; };
		CEDF47C52C57A3CD002B2D25 /* Meal.swift */ = {isa = PBXFileReference; lastKnownFileType = sourcecode.swift; path = Meal.swift; sourceTree = "<group>"; };
		CEDF47C72C57A421002B2D25 /* AddMealModelView.swift */ = {isa = PBXFileReference; lastKnownFileType = sourcecode.swift; path = AddMealModelView.swift; sourceTree = "<group>"; };
/* End PBXFileReference section */

/* Begin PBXFrameworksBuildPhase section */
		CE22B1162C57A2060006D2C2 /* Frameworks */ = {
			isa = PBXFrameworksBuildPhase;
			buildActionMask = 2147483647;
			files = (
			);
			runOnlyForDeploymentPostprocessing = 0;
		};
		CE22B1282C57A20A0006D2C2 /* Frameworks */ = {
			isa = PBXFrameworksBuildPhase;
			buildActionMask = 2147483647;
			files = (
			);
			runOnlyForDeploymentPostprocessing = 0;
		};
		CE22B1322C57A20A0006D2C2 /* Frameworks */ = {
			isa = PBXFrameworksBuildPhase;
			buildActionMask = 2147483647;
			files = (
			);
			runOnlyForDeploymentPostprocessing = 0;
		};
/* End PBXFrameworksBuildPhase section */

/* Begin PBXGroup section */
		CE22B1102C57A2060006D2C2 = {
			isa = PBXGroup;
			children = (
				CE22B11B2C57A2060006D2C2 /* KosherMeals */,
				CE22B12E2C57A20A0006D2C2 /* KosherMealsTests */,
				CE22B1382C57A20A0006D2C2 /* KosherMealsUITests */,
				CE22B11A2C57A2060006D2C2 /* Products */,
			);
			sourceTree = "<group>";
		};
		CE22B11A2C57A2060006D2C2 /* Products */ = {
			isa = PBXGroup;
			children = (
				CE22B1192C57A2060006D2C2 /* KosherMeals.app */,
				CE22B12B2C57A20A0006D2C2 /* KosherMealsTests.xctest */,
				CE22B1352C57A20A0006D2C2 /* KosherMealsUITests.xctest */,
			);
			name = Products;
			sourceTree = "<group>";
		};
		CE22B11B2C57A2060006D2C2 /* KosherMeals */ = {
			isa = PBXGroup;
			children = (
				CED213192C57A2A00032BFD6 /* View */,
				CE22B14A2C57A2220006D2C2 /* ModelView */,
				CE22B1492C57A2190006D2C2 /* Model */,
				CE22B11C2C57A2070006D2C2 /* KosherMealsApp.swift */,
				CE22B11E2C57A2070006D2C2 /* ContentView.swift */,
				CE22B1222C57A20A0006D2C2 /* Assets.xcassets */,
				CE22B1242C57A20A0006D2C2 /* Preview Content */,
			);
			path = KosherMeals;
			sourceTree = "<group>";
		};
		CE22B1242C57A20A0006D2C2 /* Preview Content */ = {
			isa = PBXGroup;
			children = (
				CE22B1252C57A20A0006D2C2 /* Preview Assets.xcassets */,
			);
			path = "Preview Content";
			sourceTree = "<group>";
		};
		CE22B12E2C57A20A0006D2C2 /* KosherMealsTests */ = {
			isa = PBXGroup;
			children = (
				CE22B12F2C57A20A0006D2C2 /* KosherMealsTests.swift */,
			);
			path = KosherMealsTests;
			sourceTree = "<group>";
		};
		CE22B1382C57A20A0006D2C2 /* KosherMealsUITests */ = {
			isa = PBXGroup;
			children = (
				CE22B1392C57A20A0006D2C2 /* KosherMealsUITests.swift */,
				CE22B13B2C57A20A0006D2C2 /* KosherMealsUITestsLaunchTests.swift */,
			);
			path = KosherMealsUITests;
			sourceTree = "<group>";
		};
		CE22B1492C57A2190006D2C2 /* Model */ = {
			isa = PBXGroup;
			children = (
				CEDF47C52C57A3CD002B2D25 /* Meal.swift */,
			);
			path = Model;
			sourceTree = "<group>";
		};
		CE22B14A2C57A2220006D2C2 /* ModelView */ = {
			isa = PBXGroup;
			children = (
				CEDF47C72C57A421002B2D25 /* AddMealModelView.swift */,
			);
			path = ModelView;
			sourceTree = "<group>";
		};
		CED213192C57A2A00032BFD6 /* View */ = {
			isa = PBXGroup;
			children = (
			);
			path = View;
			sourceTree = "<group>";
		};
/* End PBXGroup section */

/* Begin PBXNativeTarget section */
		CE22B1182C57A2060006D2C2 /* KosherMeals */ = {
			isa = PBXNativeTarget;
			buildConfigurationList = CE22B13F2C57A20A0006D2C2 /* Build configuration list for PBXNativeTarget "KosherMeals" */;
			buildPhases = (
				CE22B1152C57A2060006D2C2 /* Sources */,
				CE22B1162C57A2060006D2C2 /* Frameworks */,
				CE22B1172C57A2060006D2C2 /* Resources */,
			);
			buildRules = (
			);
			dependencies = (
			);
			name = KosherMeals;
			productName = KosherMeals;
			productReference = CE22B1192C57A2060006D2C2 /* KosherMeals.app */;
			productType = "com.apple.product-type.application";
		};
		CE22B12A2C57A20A0006D2C2 /* KosherMealsTests */ = {
			isa = PBXNativeTarget;
			buildConfigurationList = CE22B1422C57A20A0006D2C2 /* Build configuration list for PBXNativeTarget "KosherMealsTests" */;
			buildPhases = (
				CE22B1272C57A20A0006D2C2 /* Sources */,
				CE22B1282C57A20A0006D2C2 /* Frameworks */,
				CE22B1292C57A20A0006D2C2 /* Resources */,
			);
			buildRules = (
			);
			dependencies = (
				CE22B12D2C57A20A0006D2C2 /* PBXTargetDependency */,
			);
			name = KosherMealsTests;
			productName = KosherMealsTests;
			productReference = CE22B12B2C57A20A0006D2C2 /* KosherMealsTests.xctest */;
			productType = "com.apple.product-type.bundle.unit-test";
		};
		CE22B1342C57A20A0006D2C2 /* KosherMealsUITests */ = {
			isa = PBXNativeTarget;
			buildConfigurationList = CE22B1452C57A20A0006D2C2 /* Build configuration list for PBXNativeTarget "KosherMealsUITests" */;
			buildPhases = (
				CE22B1312C57A20A0006D2C2 /* Sources */,
				CE22B1322C57A20A0006D2C2 /* Frameworks */,
				CE22B1332C57A20A0006D2C2 /* Resources */,
			);
			buildRules = (
			);
			dependencies = (
				CE22B1372C57A20A0006D2C2 /* PBXTargetDependency */,
			);
			name = KosherMealsUITests;
			productName = KosherMealsUITests;
			productReference = CE22B1352C57A20A0006D2C2 /* KosherMealsUITests.xctest */;
			productType = "com.apple.product-type.bundle.ui-testing";
		};
/* End PBXNativeTarget section */

/* Begin PBXProject section */
		CE22B1112C57A2060006D2C2 /* Project object */ = {
			isa = PBXProject;
			attributes = {
				BuildIndependentTargetsInParallel = 1;
				LastSwiftUpdateCheck = 1540;
				LastUpgradeCheck = 1540;
				TargetAttributes = {
					CE22B1182C57A2060006D2C2 = {
						CreatedOnToolsVersion = 15.4;
					};
					CE22B12A2C57A20A0006D2C2 = {
						CreatedOnToolsVersion = 15.4;
						TestTargetID = CE22B1182C57A2060006D2C2;
					};
					CE22B1342C57A20A0006D2C2 = {
						CreatedOnToolsVersion = 15.4;
						TestTargetID = CE22B1182C57A2060006D2C2;
					};
				};
			};
			buildConfigurationList = CE22B1142C57A2060006D2C2 /* Build configuration list for PBXProject "KosherMeals" */;
			compatibilityVersion = "Xcode 14.0";
			developmentRegion = en;
			hasScannedForEncodings = 0;
			knownRegions = (
				en,
				Base,
			);
			mainGroup = CE22B1102C57A2060006D2C2;
			productRefGroup = CE22B11A2C57A2060006D2C2 /* Products */;
			projectDirPath = "";
			projectRoot = "";
			targets = (
				CE22B1182C57A2060006D2C2 /* KosherMeals */,
				CE22B12A2C57A20A0006D2C2 /* KosherMealsTests */,
				CE22B1342C57A20A0006D2C2 /* KosherMealsUITests */,
			);
		};
/* End PBXProject section */

/* Begin PBXResourcesBuildPhase section */
		CE22B1172C57A2060006D2C2 /* Resources */ = {
			isa = PBXResourcesBuildPhase;
			buildActionMask = 2147483647;
			files = (
				CE22B1262C57A20A0006D2C2 /* Preview Assets.xcassets in Resources */,
				CE22B1232C57A20A0006D2C2 /* Assets.xcassets in Resources */,
			);
			runOnlyForDeploymentPostprocessing = 0;
		};
		CE22B1292C57A20A0006D2C2 /* Resources */ = {
			isa = PBXResourcesBuildPhase;
			buildActionMask = 2147483647;
			files = (
			);
			runOnlyForDeploymentPostprocessing = 0;
		};
		CE22B1332C57A20A0006D2C2 /* Resources */ = {
			isa = PBXResourcesBuildPhase;
			buildActionMask = 2147483647;
			files = (
			);
			runOnlyForDeploymentPostprocessing = 0;
		};
/* End PBXResourcesBuildPhase section */

/* Begin PBXSourcesBuildPhase section */
		CE22B1152C57A2060006D2C2 /* Sources */ = {
			isa = PBXSourcesBuildPhase;
			buildActionMask = 2147483647;
			files = (
				CEDF47C62C57A3CD002B2D25 /* Meal.swift in Sources */,
				CEDF47C82C57A421002B2D25 /* AddMealModelView.swift in Sources */,
				CE22B11F2C57A2070006D2C2 /* ContentView.swift in Sources */,
				CE22B11D2C57A2070006D2C2 /* KosherMealsApp.swift in Sources */,
			);
			runOnlyForDeploymentPostprocessing = 0;
		};
		CE22B1272C57A20A0006D2C2 /* Sources */ = {
			isa = PBXSourcesBuildPhase;
			buildActionMask = 2147483647;
			files = (
				CE22B1302C57A20A0006D2C2 /* KosherMealsTests.swift in Sources */,
			);
			runOnlyForDeploymentPostprocessing = 0;
		};
		CE22B1312C57A20A0006D2C2 /* Sources */ = {
			isa = PBXSourcesBuildPhase;
			buildActionMask = 2147483647;
			files = (
				CE22B13A2C57A20A0006D2C2 /* KosherMealsUITests.swift in Sources */,
				CE22B13C2C57A20A0006D2C2 /* KosherMealsUITestsLaunchTests.swift in Sources */,
			);
			runOnlyForDeploymentPostprocessing = 0;
		};
/* End PBXSourcesBuildPhase section */

/* Begin PBXTargetDependency section */
		CE22B12D2C57A20A0006D2C2 /* PBXTargetDependency */ = {
			isa = PBXTargetDependency;
			target = CE22B1182C57A2060006D2C2 /* KosherMeals */;
			targetProxy = CE22B12C2C57A20A0006D2C2 /* PBXContainerItemProxy */;
		};
		CE22B1372C57A20A0006D2C2 /* PBXTargetDependency */ = {
			isa = PBXTargetDependency;
			target = CE22B1182C57A2060006D2C2 /* KosherMeals */;
			targetProxy = CE22B1362C57A20A0006D2C2 /* PBXContainerItemProxy */;
		};
/* End PBXTargetDependency section */

/* Begin XCBuildConfiguration section */
		CE22B13D2C57A20A0006D2C2 /* Debug */ = {
			isa = XCBuildConfiguration;
			buildSettings = {
				ALWAYS_SEARCH_USER_PATHS = NO;
				ASSETCATALOG_COMPILER_GENERATE_SWIFT_ASSET_SYMBOL_EXTENSIONS = YES;
				CLANG_ANALYZER_NONNULL = YES;
				CLANG_ANALYZER_NUMBER_OBJECT_CONVERSION = YES_AGGRESSIVE;
				CLANG_CXX_LANGUAGE_STANDARD = "gnu++20";
				CLANG_ENABLE_MODULES = YES;
				CLANG_ENABLE_OBJC_ARC = YES;
				CLANG_ENABLE_OBJC_WEAK = YES;
				CLANG_WARN_BLOCK_CAPTURE_AUTORELEASING = YES;
				CLANG_WARN_BOOL_CONVERSION = YES;
				CLANG_WARN_COMMA = YES;
				CLANG_WARN_CONSTANT_CONVERSION = YES;
				CLANG_WARN_DEPRECATED_OBJC_IMPLEMENTATIONS = YES;
				CLANG_WARN_DIRECT_OBJC_ISA_USAGE = YES_ERROR;
				CLANG_WARN_DOCUMENTATION_COMMENTS = YES;
				CLANG_WARN_EMPTY_BODY = YES;
				CLANG_WARN_ENUM_CONVERSION = YES;
				CLANG_WARN_INFINITE_RECURSION = YES;
				CLANG_WARN_INT_CONVERSION = YES;
				CLANG_WARN_NON_LITERAL_NULL_CONVERSION = YES;
				CLANG_WARN_OBJC_IMPLICIT_RETAIN_SELF = YES;
				CLANG_WARN_OBJC_LITERAL_CONVERSION = YES;
				CLANG_WARN_OBJC_ROOT_CLASS = YES_ERROR;
				CLANG_WARN_QUOTED_INCLUDE_IN_FRAMEWORK_HEADER = YES;
				CLANG_WARN_RANGE_LOOP_ANALYSIS = YES;
				CLANG_WARN_STRICT_PROTOTYPES = YES;
				CLANG_WARN_SUSPICIOUS_MOVE = YES;
				CLANG_WARN_UNGUARDED_AVAILABILITY = YES_AGGRESSIVE;
				CLANG_WARN_UNREACHABLE_CODE = YES;
				CLANG_WARN__DUPLICATE_METHOD_MATCH = YES;
				COPY_PHASE_STRIP = NO;
				DEBUG_INFORMATION_FORMAT = dwarf;
				ENABLE_STRICT_OBJC_MSGSEND = YES;
				ENABLE_TESTABILITY = YES;
				ENABLE_USER_SCRIPT_SANDBOXING = YES;
				GCC_C_LANGUAGE_STANDARD = gnu17;
				GCC_DYNAMIC_NO_PIC = NO;
				GCC_NO_COMMON_BLOCKS = YES;
				GCC_OPTIMIZATION_LEVEL = 0;
				GCC_PREPROCESSOR_DEFINITIONS = (
					"DEBUG=1",
					"$(inherited)",
				);
				GCC_WARN_64_TO_32_BIT_CONVERSION = YES;
				GCC_WARN_ABOUT_RETURN_TYPE = YES_ERROR;
				GCC_WARN_UNDECLARED_SELECTOR = YES;
				GCC_WARN_UNINITIALIZED_AUTOS = YES_AGGRESSIVE;
				GCC_WARN_UNUSED_FUNCTION = YES;
				GCC_WARN_UNUSED_VARIABLE = YES;
				IPHONEOS_DEPLOYMENT_TARGET = 17.5;
				LOCALIZATION_PREFERS_STRING_CATALOGS = YES;
				MTL_ENABLE_DEBUG_INFO = INCLUDE_SOURCE;
				MTL_FAST_MATH = YES;
				ONLY_ACTIVE_ARCH = YES;
				SDKROOT = iphoneos;
				SWIFT_ACTIVE_COMPILATION_CONDITIONS = "DEBUG $(inherited)";
				SWIFT_OPTIMIZATION_LEVEL = "-Onone";
			};
			name = Debug;
		};
		CE22B13E2C57A20A0006D2C2 /* Release */ = {
			isa = XCBuildConfiguration;
			buildSettings = {
				ALWAYS_SEARCH_USER_PATHS = NO;
				ASSETCATALOG_COMPILER_GENERATE_SWIFT_ASSET_SYMBOL_EXTENSIONS = YES;
				CLANG_ANALYZER_NONNULL = YES;
				CLANG_ANALYZER_NUMBER_OBJECT_CONVERSION = YES_AGGRESSIVE;
				CLANG_CXX_LANGUAGE_STANDARD = "gnu++20";
				CLANG_ENABLE_MODULES = YES;
				CLANG_ENABLE_OBJC_ARC = YES;
				CLANG_ENABLE_OBJC_WEAK = YES;
				CLANG_WARN_BLOCK_CAPTURE_AUTORELEASING = YES;
				CLANG_WARN_BOOL_CONVERSION = YES;
				CLANG_WARN_COMMA = YES;
				CLANG_WARN_CONSTANT_CONVERSION = YES;
				CLANG_WARN_DEPRECATED_OBJC_IMPLEMENTATIONS = YES;
				CLANG_WARN_DIRECT_OBJC_ISA_USAGE = YES_ERROR;
				CLANG_WARN_DOCUMENTATION_COMMENTS = YES;
				CLANG_WARN_EMPTY_BODY = YES;
				CLANG_WARN_ENUM_CONVERSION = YES;
				CLANG_WARN_INFINITE_RECURSION = YES;
				CLANG_WARN_INT_CONVERSION = YES;
				CLANG_WARN_NON_LITERAL_NULL_CONVERSION = YES;
				CLANG_WARN_OBJC_IMPLICIT_RETAIN_SELF = YES;
				CLANG_WARN_OBJC_LITERAL_CONVERSION = YES;
				CLANG_WARN_OBJC_ROOT_CLASS = YES_ERROR;
				CLANG_WARN_QUOTED_INCLUDE_IN_FRAMEWORK_HEADER = YES;
				CLANG_WARN_RANGE_LOOP_ANALYSIS = YES;
				CLANG_WARN_STRICT_PROTOTYPES = YES;
				CLANG_WARN_SUSPICIOUS_MOVE = YES;
				CLANG_WARN_UNGUARDED_AVAILABILITY = YES_AGGRESSIVE;
				CLANG_WARN_UNREACHABLE_CODE = YES;
				CLANG_WARN__DUPLICATE_METHOD_MATCH = YES;
				COPY_PHASE_STRIP = NO;
				DEBUG_INFORMATION_FORMAT = "dwarf-with-dsym";
				ENABLE_NS_ASSERTIONS = NO;
				ENABLE_STRICT_OBJC_MSGSEND = YES;
				ENABLE_USER_SCRIPT_SANDBOXING = YES;
				GCC_C_LANGUAGE_STANDARD = gnu17;
				GCC_NO_COMMON_BLOCKS = YES;
				GCC_WARN_64_TO_32_BIT_CONVERSION = YES;
				GCC_WARN_ABOUT_RETURN_TYPE = YES_ERROR;
				GCC_WARN_UNDECLARED_SELECTOR = YES;
				GCC_WARN_UNINITIALIZED_AUTOS = YES_AGGRESSIVE;
				GCC_WARN_UNUSED_FUNCTION = YES;
				GCC_WARN_UNUSED_VARIABLE = YES;
				IPHONEOS_DEPLOYMENT_TARGET = 17.5;
				LOCALIZATION_PREFERS_STRING_CATALOGS = YES;
				MTL_ENABLE_DEBUG_INFO = NO;
				MTL_FAST_MATH = YES;
				SDKROOT = iphoneos;
				SWIFT_COMPILATION_MODE = wholemodule;
				VALIDATE_PRODUCT = YES;
			};
			name = Release;
		};
		CE22B1402C57A20A0006D2C2 /* Debug */ = {
			isa = XCBuildConfiguration;
			buildSettings = {
				ASSETCATALOG_COMPILER_APPICON_NAME = AppIcon;
				ASSETCATALOG_COMPILER_GLOBAL_ACCENT_COLOR_NAME = AccentColor;
				CODE_SIGN_STYLE = Automatic;
				CURRENT_PROJECT_VERSION = 1;
				DEVELOPMENT_ASSET_PATHS = "\"KosherMeals/Preview Content\"";
				ENABLE_PREVIEWS = YES;
				GENERATE_INFOPLIST_FILE = YES;
				INFOPLIST_KEY_UIApplicationSceneManifest_Generation = YES;
				INFOPLIST_KEY_UIApplicationSupportsIndirectInputEvents = YES;
				INFOPLIST_KEY_UILaunchScreen_Generation = YES;
				INFOPLIST_KEY_UISupportedInterfaceOrientations_iPad = "UIInterfaceOrientationPortrait UIInterfaceOrientationPortraitUpsideDown UIInterfaceOrientationLandscapeLeft UIInterfaceOrientationLandscapeRight";
				INFOPLIST_KEY_UISupportedInterfaceOrientations_iPhone = "UIInterfaceOrientationPortrait UIInterfaceOrientationLandscapeLeft UIInterfaceOrientationLandscapeRight";
				LD_RUNPATH_SEARCH_PATHS = (
					"$(inherited)",
					"@executable_path/Frameworks",
				);
				MARKETING_VERSION = 1.0;
				PRODUCT_BUNDLE_IDENTIFIER = julie.KosherMeals;
				PRODUCT_NAME = "$(TARGET_NAME)";
				SWIFT_EMIT_LOC_STRINGS = YES;
				SWIFT_VERSION = 5.0;
				TARGETED_DEVICE_FAMILY = "1,2";
			};
			name = Debug;
		};
		CE22B1412C57A20A0006D2C2 /* Release */ = {
			isa = XCBuildConfiguration;
			buildSettings = {
				ASSETCATALOG_COMPILER_APPICON_NAME = AppIcon;
				ASSETCATALOG_COMPILER_GLOBAL_ACCENT_COLOR_NAME = AccentColor;
				CODE_SIGN_STYLE = Automatic;
				CURRENT_PROJECT_VERSION = 1;
				DEVELOPMENT_ASSET_PATHS = "\"KosherMeals/Preview Content\"";
				ENABLE_PREVIEWS = YES;
				GENERATE_INFOPLIST_FILE = YES;
				INFOPLIST_KEY_UIApplicationSceneManifest_Generation = YES;
				INFOPLIST_KEY_UIApplicationSupportsIndirectInputEvents = YES;
				INFOPLIST_KEY_UILaunchScreen_Generation = YES;
				INFOPLIST_KEY_UISupportedInterfaceOrientations_iPad = "UIInterfaceOrientationPortrait UIInterfaceOrientationPortraitUpsideDown UIInterfaceOrientationLandscapeLeft UIInterfaceOrientationLandscapeRight";
				INFOPLIST_KEY_UISupportedInterfaceOrientations_iPhone = "UIInterfaceOrientationPortrait UIInterfaceOrientationLandscapeLeft UIInterfaceOrientationLandscapeRight";
				LD_RUNPATH_SEARCH_PATHS = (
					"$(inherited)",
					"@executable_path/Frameworks",
				);
				MARKETING_VERSION = 1.0;
				PRODUCT_BUNDLE_IDENTIFIER = julie.KosherMeals;
				PRODUCT_NAME = "$(TARGET_NAME)";
				SWIFT_EMIT_LOC_STRINGS = YES;
				SWIFT_VERSION = 5.0;
				TARGETED_DEVICE_FAMILY = "1,2";
			};
			name = Release;
		};
		CE22B1432C57A20A0006D2C2 /* Debug */ = {
			isa = XCBuildConfiguration;
			buildSettings = {
				ALWAYS_EMBED_SWIFT_STANDARD_LIBRARIES = YES;
				BUNDLE_LOADER = "$(TEST_HOST)";
				CODE_SIGN_STYLE = Automatic;
				CURRENT_PROJECT_VERSION = 1;
				GENERATE_INFOPLIST_FILE = YES;
				IPHONEOS_DEPLOYMENT_TARGET = 17.5;
				MARKETING_VERSION = 1.0;
				PRODUCT_BUNDLE_IDENTIFIER = julie.KosherMealsTests;
				PRODUCT_NAME = "$(TARGET_NAME)";
				SWIFT_EMIT_LOC_STRINGS = NO;
				SWIFT_VERSION = 5.0;
				TARGETED_DEVICE_FAMILY = "1,2";
				TEST_HOST = "$(BUILT_PRODUCTS_DIR)/KosherMeals.app/$(BUNDLE_EXECUTABLE_FOLDER_PATH)/KosherMeals";
			};
			name = Debug;
		};
		CE22B1442C57A20A0006D2C2 /* Release */ = {
			isa = XCBuildConfiguration;
			buildSettings = {
				ALWAYS_EMBED_SWIFT_STANDARD_LIBRARIES = YES;
				BUNDLE_LOADER = "$(TEST_HOST)";
				CODE_SIGN_STYLE = Automatic;
				CURRENT_PROJECT_VERSION = 1;
				GENERATE_INFOPLIST_FILE = YES;
				IPHONEOS_DEPLOYMENT_TARGET = 17.5;
				MARKETING_VERSION = 1.0;
				PRODUCT_BUNDLE_IDENTIFIER = julie.KosherMealsTests;
				PRODUCT_NAME = "$(TARGET_NAME)";
				SWIFT_EMIT_LOC_STRINGS = NO;
				SWIFT_VERSION = 5.0;
				TARGETED_DEVICE_FAMILY = "1,2";
				TEST_HOST = "$(BUILT_PRODUCTS_DIR)/KosherMeals.app/$(BUNDLE_EXECUTABLE_FOLDER_PATH)/KosherMeals";
			};
			name = Release;
		};
		CE22B1462C57A20A0006D2C2 /* Debug */ = {
			isa = XCBuildConfiguration;
			buildSettings = {
				ALWAYS_EMBED_SWIFT_STANDARD_LIBRARIES = YES;
				CODE_SIGN_STYLE = Automatic;
				CURRENT_PROJECT_VERSION = 1;
				GENERATE_INFOPLIST_FILE = YES;
				MARKETING_VERSION = 1.0;
				PRODUCT_BUNDLE_IDENTIFIER = julie.KosherMealsUITests;
				PRODUCT_NAME = "$(TARGET_NAME)";
				SWIFT_EMIT_LOC_STRINGS = NO;
				SWIFT_VERSION = 5.0;
				TARGETED_DEVICE_FAMILY = "1,2";
				TEST_TARGET_NAME = KosherMeals;
			};
			name = Debug;
		};
		CE22B1472C57A20A0006D2C2 /* Release */ = {
			isa = XCBuildConfiguration;
			buildSettings = {
				ALWAYS_EMBED_SWIFT_STANDARD_LIBRARIES = YES;
				CODE_SIGN_STYLE = Automatic;
				CURRENT_PROJECT_VERSION = 1;
				GENERATE_INFOPLIST_FILE = YES;
				MARKETING_VERSION = 1.0;
				PRODUCT_BUNDLE_IDENTIFIER = julie.KosherMealsUITests;
				PRODUCT_NAME = "$(TARGET_NAME)";
				SWIFT_EMIT_LOC_STRINGS = NO;
				SWIFT_VERSION = 5.0;
				TARGETED_DEVICE_FAMILY = "1,2";
				TEST_TARGET_NAME = KosherMeals;
			};
			name = Release;
		};
/* End XCBuildConfiguration section */

/* Begin XCConfigurationList section */
		CE22B1142C57A2060006D2C2 /* Build configuration list for PBXProject "KosherMeals" */ = {
			isa = XCConfigurationList;
			buildConfigurations = (
				CE22B13D2C57A20A0006D2C2 /* Debug */,
				CE22B13E2C57A20A0006D2C2 /* Release */,
			);
			defaultConfigurationIsVisible = 0;
			defaultConfigurationName = Release;
		};
		CE22B13F2C57A20A0006D2C2 /* Build configuration list for PBXNativeTarget "KosherMeals" */ = {
			isa = XCConfigurationList;
			buildConfigurations = (
				CE22B1402C57A20A0006D2C2 /* Debug */,
				CE22B1412C57A20A0006D2C2 /* Release */,
			);
			defaultConfigurationIsVisible = 0;
			defaultConfigurationName = Release;
		};
		CE22B1422C57A20A0006D2C2 /* Build configuration list for PBXNativeTarget "KosherMealsTests" */ = {
			isa = XCConfigurationList;
			buildConfigurations = (
				CE22B1432C57A20A0006D2C2 /* Debug */,
				CE22B1442C57A20A0006D2C2 /* Release */,
			);
			defaultConfigurationIsVisible = 0;
			defaultConfigurationName = Release;
		};
		CE22B1452C57A20A0006D2C2 /* Build configuration list for PBXNativeTarget "KosherMealsUITests" */ = {
			isa = XCConfigurationList;
			buildConfigurations = (
				CE22B1462C57A20A0006D2C2 /* Debug */,
				CE22B1472C57A20A0006D2C2 /* Release */,
			);
			defaultConfigurationIsVisible = 0;
			defaultConfigurationName = Release;
		};
/* End XCConfigurationList section */
	};
	rootObject = CE22B1112C57A2060006D2C2 /* Project object */;
}
